{
    "_readme": [
        "This file locks the dependencies of your project to a known state",
        "Read more about it at https://getcomposer.org/doc/01-basic-usage.md#composer-lock-the-lock-file",
        "This file is @generated automatically"
    ],
    "hash": "88eb9654f8d88f01bfe8d39c44fc0208",
    "content-hash": "067bdaac64e6321577a919d1f40e0801",
    "packages": [
        {
            "name": "flowjs/flow-php-server",
            "version": "v1.0.2",
            "source": {
                "type": "git",
                "url": "https://github.com/flowjs/flow-php-server.git",
                "reference": "d621e27a18ba509de72b274241931c5b607ca95f"
            },
            "dist": {
                "type": "zip",
                "url": "https://api.github.com/repos/flowjs/flow-php-server/zipball/d621e27a18ba509de72b274241931c5b607ca95f",
                "reference": "d621e27a18ba509de72b274241931c5b607ca95f",
                "shasum": ""
            },
            "require": {
                "php": ">=5.3"
            },
            "require-dev": {
                "fabpot/php-cs-fixer": "dev-master",
                "league/phpunit-coverage-listener": "~1.1",
                "mikey179/vfsstream": "v1.2.0",
                "phpunit/phpunit": "4.*"
            },
            "type": "library",
            "autoload": {
                "psr-0": {
                    "Flow": "src"
                }
            },
            "notification-url": "https://packagist.org/downloads/",
            "license": [
                "MIT"
            ],
            "authors": [
                {
                    "name": "Aidas Klimas",
                    "email": "aidaskk@gmail.com"
                }
            ],
            "description": "PHP library for handling chunk uploads. Works with flow.js html5 file uploads.",
            "keywords": [
                "chunks",
                "file upload",
                "flow",
                "flow.js",
                "html5 file upload",
                "resumable",
                "resumable.js",
                "upload"
            ],
            "time": "2016-10-01 08:55:14"
        },
        {
            "name": "gamegos/jws",
            "version": "1.0.1",
            "source": {
                "type": "git",
                "url": "https://github.com/Gamegos/php-jws.git",
                "reference": "a94218e43f45d4e818eecaaa4063ff436b4a5ee0"
            },
            "dist": {
                "type": "zip",
                "url": "https://api.github.com/repos/Gamegos/php-jws/zipball/a94218e43f45d4e818eecaaa4063ff436b4a5ee0",
                "reference": "a94218e43f45d4e818eecaaa4063ff436b4a5ee0",
                "shasum": ""
            },
            "require": {
                "php": ">=5.4"
            },
            "require-dev": {
                "phpunit/phpunit": "4.1.*"
            },
            "type": "library",
            "autoload": {
                "psr-4": {
                    "Gamegos\\JWS\\": [
                        "src",
                        "tests"
                    ]
                }
            },
            "notification-url": "https://packagist.org/downloads/",
            "license": [
                "MIT"
            ],
            "authors": [
                {
                    "name": "Mustafa Altun",
                    "email": "gmail@mustafaaltun.com"
                }
            ],
            "description": "Json Web Signature (JWS) PHP implementation",
            "keywords": [
                "JSON Web Signature",
                "JSON Web Token",
                "JWS",
                "digital signature",
                "jwa",
                "jwt"
            ],
            "time": "2015-04-09 08:33:49"
        },
        {
            "name": "icicleio/icicle",
            "version": "v0.9.6",
            "source": {
                "type": "git",
                "url": "https://github.com/icicleio/icicle.git",
                "reference": "84a3cc6f7dc38500f4ed9bdae79f458d191cb119"
            },
            "dist": {
                "type": "zip",
                "url": "https://api.github.com/repos/icicleio/icicle/zipball/84a3cc6f7dc38500f4ed9bdae79f458d191cb119",
                "reference": "84a3cc6f7dc38500f4ed9bdae79f458d191cb119",
                "shasum": ""
            },
            "require": {
                "php": "^5.5|^7.0"
            },
            "require-dev": {
                "phpunit/phpunit": "^4.6"
            },
            "suggest": {
                "ext-ev": "Provides an event loop with better performance.",
                "ext-pcntl": "Enables custom signal handling."
            },
            "type": "library",
            "autoload": {
                "psr-4": {
                    "Icicle\\": "src"
                },
                "files": [
                    "src/functions.php",
                    "src/Awaitable/functions.php",
                    "src/Coroutine/functions.php",
                    "src/Loop/functions.php",
                    "src/Observable/functions.php"
                ]
            },
            "notification-url": "https://packagist.org/downloads/",
            "license": [
                "MIT"
            ],
            "authors": [
                {
                    "name": "Aaron Piotrowski",
                    "email": "aaron@icicle.io"
                }
            ],
            "description": "Icicle is a PHP library for writing asynchronous code using synchronous coding techniques.",
            "homepage": "http://icicle.io",
            "keywords": [
                "Socket",
                "async",
                "asynchronous",
                "awaitable",
                "coroutine",
                "event",
                "generator",
                "interruptible",
                "multitasking",
                "network",
                "promise",
                "server",
                "stream"
            ],
            "time": "2016-03-31 16:34:26"
        },
        {
            "name": "monolog/monolog",
            "version": "1.22.0",
            "source": {
                "type": "git",
                "url": "https://github.com/Seldaek/monolog.git",
                "reference": "bad29cb8d18ab0315e6c477751418a82c850d558"
            },
            "dist": {
                "type": "zip",
                "url": "https://api.github.com/repos/Seldaek/monolog/zipball/bad29cb8d18ab0315e6c477751418a82c850d558",
                "reference": "bad29cb8d18ab0315e6c477751418a82c850d558",
                "shasum": ""
            },
            "require": {
                "php": ">=5.3.0",
                "psr/log": "~1.0"
            },
            "provide": {
                "psr/log-implementation": "1.0.0"
            },
            "require-dev": {
                "aws/aws-sdk-php": "^2.4.9 || ^3.0",
                "doctrine/couchdb": "~1.0@dev",
                "graylog2/gelf-php": "~1.0",
                "jakub-onderka/php-parallel-lint": "0.9",
                "php-amqplib/php-amqplib": "~2.4",
                "php-console/php-console": "^3.1.3",
                "phpunit/phpunit": "~4.5",
                "phpunit/phpunit-mock-objects": "2.3.0",
                "ruflin/elastica": ">=0.90 <3.0",
                "sentry/sentry": "^0.13",
                "swiftmailer/swiftmailer": "~5.3"
            },
            "suggest": {
                "aws/aws-sdk-php": "Allow sending log messages to AWS services like DynamoDB",
                "doctrine/couchdb": "Allow sending log messages to a CouchDB server",
                "ext-amqp": "Allow sending log messages to an AMQP server (1.0+ required)",
                "ext-mongo": "Allow sending log messages to a MongoDB server",
                "graylog2/gelf-php": "Allow sending log messages to a GrayLog2 server",
                "mongodb/mongodb": "Allow sending log messages to a MongoDB server via PHP Driver",
                "php-amqplib/php-amqplib": "Allow sending log messages to an AMQP server using php-amqplib",
                "php-console/php-console": "Allow sending log messages to Google Chrome",
                "rollbar/rollbar": "Allow sending log messages to Rollbar",
                "ruflin/elastica": "Allow sending log messages to an Elastic Search server",
                "sentry/sentry": "Allow sending log messages to a Sentry server"
            },
            "type": "library",
            "extra": {
                "branch-alias": {
                    "dev-master": "2.0.x-dev"
                }
            },
            "autoload": {
                "psr-4": {
                    "Monolog\\": "src/Monolog"
                }
            },
            "notification-url": "https://packagist.org/downloads/",
            "license": [
                "MIT"
            ],
            "authors": [
                {
                    "name": "Jordi Boggiano",
                    "email": "j.boggiano@seld.be",
                    "homepage": "http://seld.be"
                }
            ],
            "description": "Sends your logs to files, sockets, inboxes, databases and various web services",
            "homepage": "http://github.com/Seldaek/monolog",
            "keywords": [
                "log",
                "logging",
                "psr-3"
            ],
            "time": "2016-11-26 00:15:39"
        },
        {
            "name": "psr/log",
            "version": "1.0.2",
            "source": {
                "type": "git",
                "url": "https://github.com/php-fig/log.git",
                "reference": "4ebe3a8bf773a19edfe0a84b6585ba3d401b724d"
            },
            "dist": {
                "type": "zip",
                "url": "https://api.github.com/repos/php-fig/log/zipball/4ebe3a8bf773a19edfe0a84b6585ba3d401b724d",
                "reference": "4ebe3a8bf773a19edfe0a84b6585ba3d401b724d",
                "shasum": ""
            },
            "require": {
                "php": ">=5.3.0"
            },
            "type": "library",
            "extra": {
                "branch-alias": {
                    "dev-master": "1.0.x-dev"
                }
            },
            "autoload": {
                "psr-4": {
                    "Psr\\Log\\": "Psr/Log/"
                }
            },
            "notification-url": "https://packagist.org/downloads/",
            "license": [
                "MIT"
            ],
            "authors": [
                {
                    "name": "PHP-FIG",
                    "homepage": "http://www.php-fig.org/"
                }
            ],
            "description": "Common interface for logging libraries",
            "homepage": "https://github.com/php-fig/log",
            "keywords": [
                "log",
                "psr",
                "psr-3"
            ],
            "time": "2016-10-10 12:19:37"
        },
        {
            "name": "webmozart/assert",
            "version": "1.2.0",
            "source": {
                "type": "git",
                "url": "https://github.com/webmozart/assert.git",
                "reference": "2db61e59ff05fe5126d152bd0655c9ea113e550f"
            },
            "dist": {
                "type": "zip",
                "url": "https://api.github.com/repos/webmozart/assert/zipball/2db61e59ff05fe5126d152bd0655c9ea113e550f",
                "reference": "2db61e59ff05fe5126d152bd0655c9ea113e550f",
                "shasum": ""
            },
            "require": {
                "php": "^5.3.3 || ^7.0"
            },
            "require-dev": {
                "phpunit/phpunit": "^4.6",
                "sebastian/version": "^1.0.1"
            },
            "type": "library",
            "extra": {
                "branch-alias": {
                    "dev-master": "1.3-dev"
                }
            },
            "autoload": {
                "psr-4": {
                    "Webmozart\\Assert\\": "src/"
                }
            },
            "notification-url": "https://packagist.org/downloads/",
            "license": [
                "MIT"
            ],
            "authors": [
                {
                    "name": "Bernhard Schussek",
                    "email": "bschussek@gmail.com"
                }
            ],
            "description": "Assertions to validate method input/output with nice error messages.",
            "keywords": [
                "assert",
                "check",
                "validate"
            ],
            "time": "2016-11-23 20:04:58"
        },
        {
            "name": "webmozart/path-util",
            "version": "2.3.0",
            "source": {
                "type": "git",
                "url": "https://github.com/webmozart/path-util.git",
                "reference": "d939f7edc24c9a1bb9c0dee5cb05d8e859490725"
            },
            "dist": {
                "type": "zip",
                "url": "https://api.github.com/repos/webmozart/path-util/zipball/d939f7edc24c9a1bb9c0dee5cb05d8e859490725",
                "reference": "d939f7edc24c9a1bb9c0dee5cb05d8e859490725",
                "shasum": ""
            },
            "require": {
                "php": ">=5.3.3",
                "webmozart/assert": "~1.0"
            },
            "require-dev": {
                "phpunit/phpunit": "^4.6",
                "sebastian/version": "^1.0.1"
            },
            "type": "library",
            "extra": {
                "branch-alias": {
                    "dev-master": "2.3-dev"
                }
            },
            "autoload": {
                "psr-4": {
                    "Webmozart\\PathUtil\\": "src/"
                }
            },
            "notification-url": "https://packagist.org/downloads/",
            "license": [
                "MIT"
            ],
            "authors": [
                {
                    "name": "Bernhard Schussek",
                    "email": "bschussek@gmail.com"
                }
            ],
            "description": "A robust cross-platform utility for normalizing, comparing and modifying file paths.",
            "time": "2015-12-17 08:42:14"
        }
    ],
    "packages-dev": [],
    "aliases": [],
    "minimum-stability": "stable",
    "stability-flags": [],
    "prefer-stable": false,
    "prefer-lowest": false,
    "platform": [],
    "platform-dev": []
}
